
Microsoft Visual Studio Solution File, Format Version 12.00
# Visual Studio 2013
VisualStudioVersion = 12.0.31101.0
MinimumVisualStudioVersion = 10.0.40219.1
Project("{FAE04EC0-301F-11D3-BF4B-00C04F79EFBC}") = "SampleSoC.Web", "src\Presentation\SampleSoC.Web\SampleSoC.Web.csproj", "{EC6F40B8-2369-46D0-A81C-C87DB2D1DA3F}"
EndProject
Project("{2150E333-8FDC-42A3-9474-1A3956D46DE8}") = "1.1 Presentation", "1.1 Presentation", "{F7F5CDB2-45BD-49E9-960C-4A95946B48B6}"
EndProject
Project("{2150E333-8FDC-42A3-9474-1A3956D46DE8}") = "src", "src", "{7DFD877F-21AC-4C68-823C-4B1A63FC0CB7}"
EndProject
Project("{2150E333-8FDC-42A3-9474-1A3956D46DE8}") = "tests", "tests", "{BAA6E9A1-2D85-41BF-AA43-1EB64AF76713}"
EndProject
Project("{2150E333-8FDC-42A3-9474-1A3956D46DE8}") = "1.2 Domain", "1.2 Domain", "{A8C8658F-2B2C-48C4-973F-5AE0C0A39B16}"
EndProject
Project("{2150E333-8FDC-42A3-9474-1A3956D46DE8}") = "1.3 Data", "1.3 Data", "{799728A5-754F-474D-8DDA-FC9F58B562D9}"
EndProject
Project("{FAE04EC0-301F-11D3-BF4B-00C04F79EFBC}") = "SampleSoC.Data.Core", "src\Data\SampleSoc.Data.Core\SampleSoC.Data.Core.csproj", "{6A62D79F-5FC2-471F-8509-CD12BC827E12}"
EndProject
Project("{FAE04EC0-301F-11D3-BF4B-00C04F79EFBC}") = "SampleSoC.Data", "src\Data\SampleSoC.Data\SampleSoC.Data.csproj", "{47BCD33C-9F6B-4F7D-A90F-4D6E8BF28E9A}"
EndProject
Project("{FAE04EC0-301F-11D3-BF4B-00C04F79EFBC}") = "SampleSoC.Domain.Core", "src\Domain\SampleSoC.Domain.Core\SampleSoC.Domain.Core.csproj", "{BCFB369F-E4A2-4D22-B27E-19CF3E83F107}"
EndProject
Project("{FAE04EC0-301F-11D3-BF4B-00C04F79EFBC}") = "SampleSoC.Domain", "src\Domain\SampleSoC.Domain\SampleSoC.Domain.csproj", "{85BBF747-7C51-4190-A26B-45EC8CE55455}"
EndProject
Project("{2150E333-8FDC-42A3-9474-1A3956D46DE8}") = "2.1 Framework", "2.1 Framework", "{8D1E6D40-D639-4B74-A159-89712F54286E}"
EndProject
Project("{FAE04EC0-301F-11D3-BF4B-00C04F79EFBC}") = "SampleSoC.Framework", "src\Framework\SampleSoC.Framework\SampleSoC.Framework.csproj", "{3E5E52BA-FB03-4655-88F1-B153F0F42C67}"
EndProject
Project("{FAE04EC0-301F-11D3-BF4B-00C04F79EFBC}") = "SampleSoC.Framework.Mvc", "src\Framework\SampleSoC.Framework.Mvc\SampleSoC.Framework.Mvc.csproj", "{60FBBEC6-C8B3-430F-8DDB-BECB9AE5E32A}"
EndProject
Project("{2150E333-8FDC-42A3-9474-1A3956D46DE8}") = "9.0 Solution Items", "9.0 Solution Items", "{1C4CE055-FA34-4743-BC6A-49D8B6AE29FD}"
	ProjectSection(SolutionItems) = preProject
		src\Solution Items\CommonAssemblyInfo.cs = src\Solution Items\CommonAssemblyInfo.cs
	EndProjectSection
EndProject
Project("{FAE04EC0-301F-11D3-BF4B-00C04F79EFBC}") = "SampleSoC.WebApi", "src\Presentation\SampleSoC.WebApi\SampleSoC.WebApi.csproj", "{7B226361-961F-49D7-9D81-F7DC69EBA75D}"
EndProject
Project("{FAE04EC0-301F-11D3-BF4B-00C04F79EFBC}") = "SampleSoC.Framework.WebApi", "src\Framework\SampleSoC.Framework.WebApi\SampleSoC.Framework.WebApi.csproj", "{69B12E59-4524-431D-BD24-1297E3F3D3F7}"
EndProject
Project("{FAE04EC0-301F-11D3-BF4B-00C04F79EFBC}") = "SampleSoC.Domain.Tests", "tests\SampleSoC.Domain.Tests\SampleSoC.Domain.Tests.csproj", "{3617A337-FABB-4557-9072-F5F4FE632AEA}"
EndProject
Project("{FAE04EC0-301F-11D3-BF4B-00C04F79EFBC}") = "SampleSoC.Web.Tests", "tests\SampleSoC.Web.Tests\SampleSoC.Web.Tests.csproj", "{90128662-A5F4-4A5A-8CB7-C4E441D6ABD8}"
EndProject
Project("{FAE04EC0-301F-11D3-BF4B-00C04F79EFBC}") = "SampleSoC.WebApi.Tests", "tests\SampleSoC.WebApi.Tests\SampleSoC.WebApi.Tests.csproj", "{DA3563E6-13E4-41EE-96F4-23B5639C7BFF}"
EndProject
Project("{FAE04EC0-301F-11D3-BF4B-00C04F79EFBC}") = "SampleSoC.DI", "src\Presentation\SampleSoC.DI\SampleSoC.DI.csproj", "{34704722-63D8-4A3D-9A38-E307FE6EB7E0}"
EndProject
Global
	GlobalSection(SolutionConfigurationPlatforms) = preSolution
		Debug|Any CPU = Debug|Any CPU
		Release|Any CPU = Release|Any CPU
	EndGlobalSection
	GlobalSection(ProjectConfigurationPlatforms) = postSolution
		{EC6F40B8-2369-46D0-A81C-C87DB2D1DA3F}.Debug|Any CPU.ActiveCfg = Debug|Any CPU
		{EC6F40B8-2369-46D0-A81C-C87DB2D1DA3F}.Debug|Any CPU.Build.0 = Debug|Any CPU
		{EC6F40B8-2369-46D0-A81C-C87DB2D1DA3F}.Release|Any CPU.ActiveCfg = Release|Any CPU
		{EC6F40B8-2369-46D0-A81C-C87DB2D1DA3F}.Release|Any CPU.Build.0 = Release|Any CPU
		{6A62D79F-5FC2-471F-8509-CD12BC827E12}.Debug|Any CPU.ActiveCfg = Debug|Any CPU
		{6A62D79F-5FC2-471F-8509-CD12BC827E12}.Debug|Any CPU.Build.0 = Debug|Any CPU
		{6A62D79F-5FC2-471F-8509-CD12BC827E12}.Release|Any CPU.ActiveCfg = Release|Any CPU
		{6A62D79F-5FC2-471F-8509-CD12BC827E12}.Release|Any CPU.Build.0 = Release|Any CPU
		{47BCD33C-9F6B-4F7D-A90F-4D6E8BF28E9A}.Debug|Any CPU.ActiveCfg = Debug|Any CPU
		{47BCD33C-9F6B-4F7D-A90F-4D6E8BF28E9A}.Debug|Any CPU.Build.0 = Debug|Any CPU
		{47BCD33C-9F6B-4F7D-A90F-4D6E8BF28E9A}.Release|Any CPU.ActiveCfg = Release|Any CPU
		{47BCD33C-9F6B-4F7D-A90F-4D6E8BF28E9A}.Release|Any CPU.Build.0 = Release|Any CPU
		{BCFB369F-E4A2-4D22-B27E-19CF3E83F107}.Debug|Any CPU.ActiveCfg = Debug|Any CPU
		{BCFB369F-E4A2-4D22-B27E-19CF3E83F107}.Debug|Any CPU.Build.0 = Debug|Any CPU
		{BCFB369F-E4A2-4D22-B27E-19CF3E83F107}.Release|Any CPU.ActiveCfg = Release|Any CPU
		{BCFB369F-E4A2-4D22-B27E-19CF3E83F107}.Release|Any CPU.Build.0 = Release|Any CPU
		{85BBF747-7C51-4190-A26B-45EC8CE55455}.Debug|Any CPU.ActiveCfg = Debug|Any CPU
		{85BBF747-7C51-4190-A26B-45EC8CE55455}.Debug|Any CPU.Build.0 = Debug|Any CPU
		{85BBF747-7C51-4190-A26B-45EC8CE55455}.Release|Any CPU.ActiveCfg = Release|Any CPU
		{85BBF747-7C51-4190-A26B-45EC8CE55455}.Release|Any CPU.Build.0 = Release|Any CPU
		{3E5E52BA-FB03-4655-88F1-B153F0F42C67}.Debug|Any CPU.ActiveCfg = Debug|Any CPU
		{3E5E52BA-FB03-4655-88F1-B153F0F42C67}.Debug|Any CPU.Build.0 = Debug|Any CPU
		{3E5E52BA-FB03-4655-88F1-B153F0F42C67}.Release|Any CPU.ActiveCfg = Release|Any CPU
		{3E5E52BA-FB03-4655-88F1-B153F0F42C67}.Release|Any CPU.Build.0 = Release|Any CPU
		{60FBBEC6-C8B3-430F-8DDB-BECB9AE5E32A}.Debug|Any CPU.ActiveCfg = Debug|Any CPU
		{60FBBEC6-C8B3-430F-8DDB-BECB9AE5E32A}.Debug|Any CPU.Build.0 = Debug|Any CPU
		{60FBBEC6-C8B3-430F-8DDB-BECB9AE5E32A}.Release|Any CPU.ActiveCfg = Release|Any CPU
		{60FBBEC6-C8B3-430F-8DDB-BECB9AE5E32A}.Release|Any CPU.Build.0 = Release|Any CPU
		{7B226361-961F-49D7-9D81-F7DC69EBA75D}.Debug|Any CPU.ActiveCfg = Debug|Any CPU
		{7B226361-961F-49D7-9D81-F7DC69EBA75D}.Debug|Any CPU.Build.0 = Debug|Any CPU
		{7B226361-961F-49D7-9D81-F7DC69EBA75D}.Release|Any CPU.ActiveCfg = Release|Any CPU
		{7B226361-961F-49D7-9D81-F7DC69EBA75D}.Release|Any CPU.Build.0 = Release|Any CPU
		{69B12E59-4524-431D-BD24-1297E3F3D3F7}.Debug|Any CPU.ActiveCfg = Debug|Any CPU
		{69B12E59-4524-431D-BD24-1297E3F3D3F7}.Debug|Any CPU.Build.0 = Debug|Any CPU
		{69B12E59-4524-431D-BD24-1297E3F3D3F7}.Release|Any CPU.ActiveCfg = Release|Any CPU
		{69B12E59-4524-431D-BD24-1297E3F3D3F7}.Release|Any CPU.Build.0 = Release|Any CPU
		{3617A337-FABB-4557-9072-F5F4FE632AEA}.Debug|Any CPU.ActiveCfg = Debug|Any CPU
		{3617A337-FABB-4557-9072-F5F4FE632AEA}.Debug|Any CPU.Build.0 = Debug|Any CPU
		{3617A337-FABB-4557-9072-F5F4FE632AEA}.Release|Any CPU.ActiveCfg = Release|Any CPU
		{3617A337-FABB-4557-9072-F5F4FE632AEA}.Release|Any CPU.Build.0 = Release|Any CPU
		{90128662-A5F4-4A5A-8CB7-C4E441D6ABD8}.Debug|Any CPU.ActiveCfg = Debug|Any CPU
		{90128662-A5F4-4A5A-8CB7-C4E441D6ABD8}.Debug|Any CPU.Build.0 = Debug|Any CPU
		{90128662-A5F4-4A5A-8CB7-C4E441D6ABD8}.Release|Any CPU.ActiveCfg = Release|Any CPU
		{90128662-A5F4-4A5A-8CB7-C4E441D6ABD8}.Release|Any CPU.Build.0 = Release|Any CPU
		{DA3563E6-13E4-41EE-96F4-23B5639C7BFF}.Debug|Any CPU.ActiveCfg = Debug|Any CPU
		{DA3563E6-13E4-41EE-96F4-23B5639C7BFF}.Debug|Any CPU.Build.0 = Debug|Any CPU
		{DA3563E6-13E4-41EE-96F4-23B5639C7BFF}.Release|Any CPU.ActiveCfg = Release|Any CPU
		{DA3563E6-13E4-41EE-96F4-23B5639C7BFF}.Release|Any CPU.Build.0 = Release|Any CPU
		{34704722-63D8-4A3D-9A38-E307FE6EB7E0}.Debug|Any CPU.ActiveCfg = Debug|Any CPU
		{34704722-63D8-4A3D-9A38-E307FE6EB7E0}.Debug|Any CPU.Build.0 = Debug|Any CPU
		{34704722-63D8-4A3D-9A38-E307FE6EB7E0}.Release|Any CPU.ActiveCfg = Release|Any CPU
		{34704722-63D8-4A3D-9A38-E307FE6EB7E0}.Release|Any CPU.Build.0 = Release|Any CPU
	EndGlobalSection
	GlobalSection(SolutionProperties) = preSolution
		HideSolutionNode = FALSE
	EndGlobalSection
	GlobalSection(NestedProjects) = preSolution
		{EC6F40B8-2369-46D0-A81C-C87DB2D1DA3F} = {F7F5CDB2-45BD-49E9-960C-4A95946B48B6}
		{F7F5CDB2-45BD-49E9-960C-4A95946B48B6} = {7DFD877F-21AC-4C68-823C-4B1A63FC0CB7}
		{A8C8658F-2B2C-48C4-973F-5AE0C0A39B16} = {7DFD877F-21AC-4C68-823C-4B1A63FC0CB7}
		{799728A5-754F-474D-8DDA-FC9F58B562D9} = {7DFD877F-21AC-4C68-823C-4B1A63FC0CB7}
		{6A62D79F-5FC2-471F-8509-CD12BC827E12} = {799728A5-754F-474D-8DDA-FC9F58B562D9}
		{47BCD33C-9F6B-4F7D-A90F-4D6E8BF28E9A} = {799728A5-754F-474D-8DDA-FC9F58B562D9}
		{BCFB369F-E4A2-4D22-B27E-19CF3E83F107} = {A8C8658F-2B2C-48C4-973F-5AE0C0A39B16}
		{85BBF747-7C51-4190-A26B-45EC8CE55455} = {A8C8658F-2B2C-48C4-973F-5AE0C0A39B16}
		{8D1E6D40-D639-4B74-A159-89712F54286E} = {7DFD877F-21AC-4C68-823C-4B1A63FC0CB7}
		{3E5E52BA-FB03-4655-88F1-B153F0F42C67} = {8D1E6D40-D639-4B74-A159-89712F54286E}
		{60FBBEC6-C8B3-430F-8DDB-BECB9AE5E32A} = {8D1E6D40-D639-4B74-A159-89712F54286E}
		{1C4CE055-FA34-4743-BC6A-49D8B6AE29FD} = {7DFD877F-21AC-4C68-823C-4B1A63FC0CB7}
		{7B226361-961F-49D7-9D81-F7DC69EBA75D} = {F7F5CDB2-45BD-49E9-960C-4A95946B48B6}
		{69B12E59-4524-431D-BD24-1297E3F3D3F7} = {8D1E6D40-D639-4B74-A159-89712F54286E}
		{3617A337-FABB-4557-9072-F5F4FE632AEA} = {BAA6E9A1-2D85-41BF-AA43-1EB64AF76713}
		{90128662-A5F4-4A5A-8CB7-C4E441D6ABD8} = {BAA6E9A1-2D85-41BF-AA43-1EB64AF76713}
		{DA3563E6-13E4-41EE-96F4-23B5639C7BFF} = {BAA6E9A1-2D85-41BF-AA43-1EB64AF76713}
		{34704722-63D8-4A3D-9A38-E307FE6EB7E0} = {F7F5CDB2-45BD-49E9-960C-4A95946B48B6}
	EndGlobalSection
EndGlobal
